// !$*UTF8*$!
{
	archiveVersion = 1;
	classes = {
	};
	objectVersion = 56;
	objects = {

/* Begin PBXBuildFile section */
		FC8513432C29ACCE009612F7 /* SingleImageViewController.swift in Sources */ = {isa = PBXBuildFile; fileRef = FC8513422C29ACCE009612F7 /* SingleImageViewController.swift */; };
		FC8AEDF02C4C13FB00F21AB4 /* ImagesListService.swift in Sources */ = {isa = PBXBuildFile; fileRef = FC8AEDEF2C4C13FB00F21AB4 /* ImagesListService.swift */; };
		FC8AEE022C4E525F00F21AB4 /* ProgressHUD in Frameworks */ = {isa = PBXBuildFile; productRef = FC8AEE012C4E525F00F21AB4 /* ProgressHUD */; };
		FCB6DA512C381F0100E3CA9F /* Constants.swift in Sources */ = {isa = PBXBuildFile; fileRef = FCB6DA502C381F0100E3CA9F /* Constants.swift */; };
		FCB6DA542C3AB9D600E3CA9F /* AuthViewController.swift in Sources */ = {isa = PBXBuildFile; fileRef = FCB6DA532C3AB9D600E3CA9F /* AuthViewController.swift */; };
		FCB6DA562C3ABF3900E3CA9F /* WebViewViewController.swift in Sources */ = {isa = PBXBuildFile; fileRef = FCB6DA552C3ABF3900E3CA9F /* WebViewViewController.swift */; };
		FCB6DA582C3D3F2100E3CA9F /* OAuth2Service.swift in Sources */ = {isa = PBXBuildFile; fileRef = FCB6DA572C3D3F2100E3CA9F /* OAuth2Service.swift */; };
		FCB6DA5A2C3D432C00E3CA9F /* URLSession+data.swift in Sources */ = {isa = PBXBuildFile; fileRef = FCB6DA592C3D432C00E3CA9F /* URLSession+data.swift */; };
		FCB6DA5C2C3D6A4200E3CA9F /* OAuthTokenResponseBody.swift in Sources */ = {isa = PBXBuildFile; fileRef = FCB6DA5B2C3D6A4100E3CA9F /* OAuthTokenResponseBody.swift */; };
		FCB6DA5E2C3D6CE000E3CA9F /* OAuth2TokenStorage.swift in Sources */ = {isa = PBXBuildFile; fileRef = FCB6DA5D2C3D6CE000E3CA9F /* OAuth2TokenStorage.swift */; };
		FCB6DA612C3D7CC500E3CA9F /* SplashViewController.swift in Sources */ = {isa = PBXBuildFile; fileRef = FCB6DA602C3D7CC500E3CA9F /* SplashViewController.swift */; };
		FCB6DA662C46D01600E3CA9F /* UIBlockingProgressHUD.swift in Sources */ = {isa = PBXBuildFile; fileRef = FCB6DA652C46D01600E3CA9F /* UIBlockingProgressHUD.swift */; };
		FCB6DA692C46D36E00E3CA9F /* ProfileService.swift in Sources */ = {isa = PBXBuildFile; fileRef = FCB6DA682C46D36E00E3CA9F /* ProfileService.swift */; };
		FCB6DA6B2C46F61000E3CA9F /* ProfileImageService.swift in Sources */ = {isa = PBXBuildFile; fileRef = FCB6DA6A2C46F61000E3CA9F /* ProfileImageService.swift */; };
		FCB6DA6E2C48262500E3CA9F /* Kingfisher in Frameworks */ = {isa = PBXBuildFile; productRef = FCB6DA6D2C48262500E3CA9F /* Kingfisher */; };
		FCB6DA712C484C4A00E3CA9F /* SwiftKeychainWrapper in Frameworks */ = {isa = PBXBuildFile; productRef = FCB6DA702C484C4A00E3CA9F /* SwiftKeychainWrapper */; };
		FCB6DA742C48630A00E3CA9F /* TabBarController.swift in Sources */ = {isa = PBXBuildFile; fileRef = FCB6DA732C48630A00E3CA9F /* TabBarController.swift */; };
		FCBE8DB02BEA46C80064EE96 /* AppDelegate.swift in Sources */ = {isa = PBXBuildFile; fileRef = FCBE8DAF2BEA46C80064EE96 /* AppDelegate.swift */; };
		FCBE8DB22BEA46C80064EE96 /* SceneDelegate.swift in Sources */ = {isa = PBXBuildFile; fileRef = FCBE8DB12BEA46C80064EE96 /* SceneDelegate.swift */; };
		FCBE8DB42BEA46C80064EE96 /* ImagesListViewController.swift in Sources */ = {isa = PBXBuildFile; fileRef = FCBE8DB32BEA46C80064EE96 /* ImagesListViewController.swift */; };
		FCBE8DB72BEA46C80064EE96 /* Main.storyboard in Resources */ = {isa = PBXBuildFile; fileRef = FCBE8DB52BEA46C80064EE96 /* Main.storyboard */; };
		FCBE8DB92BEA46CA0064EE96 /* Assets.xcassets in Resources */ = {isa = PBXBuildFile; fileRef = FCBE8DB82BEA46CA0064EE96 /* Assets.xcassets */; };
		FCBE8DBC2BEA46CA0064EE96 /* LaunchScreen.storyboard in Resources */ = {isa = PBXBuildFile; fileRef = FCBE8DBA2BEA46CA0064EE96 /* LaunchScreen.storyboard */; };
		FCCB7CED2C4A7BFE00B7B7E8 /* UserResult.swift in Sources */ = {isa = PBXBuildFile; fileRef = FCCB7CEC2C4A7BFE00B7B7E8 /* UserResult.swift */; };
		FCCB7CEF2C4A7C7F00B7B7E8 /* ProfileResult.swift in Sources */ = {isa = PBXBuildFile; fileRef = FCCB7CEE2C4A7C7F00B7B7E8 /* ProfileResult.swift */; };
		FCCB7CF32C4BE32800B7B7E8 /* Photo.swift in Sources */ = {isa = PBXBuildFile; fileRef = FCCB7CF22C4BE32800B7B7E8 /* Photo.swift */; };
		FCCB7CF52C4BE70B00B7B7E8 /* PhotoResult.swift in Sources */ = {isa = PBXBuildFile; fileRef = FCCB7CF42C4BE70B00B7B7E8 /* PhotoResult.swift */; };
		FCCB7CF72C4BE78F00B7B7E8 /* UrlsResult.swift in Sources */ = {isa = PBXBuildFile; fileRef = FCCB7CF62C4BE78F00B7B7E8 /* UrlsResult.swift */; };
		FCDD38E82C13282500AF4A2E /* ProfileViewController.swift in Sources */ = {isa = PBXBuildFile; fileRef = FCDD38E72C13282500AF4A2E /* ProfileViewController.swift */; };
		FCF794E92C0399A400F67396 /* ImagesListCell.swift in Sources */ = {isa = PBXBuildFile; fileRef = FCF794E82C0399A400F67396 /* ImagesListCell.swift */; };
/* End PBXBuildFile section */

/* Begin PBXFileReference section */
		FC8513422C29ACCE009612F7 /* SingleImageViewController.swift */ = {isa = PBXFileReference; lastKnownFileType = sourcecode.swift; path = SingleImageViewController.swift; sourceTree = "<group>"; };
		FC8AEDEF2C4C13FB00F21AB4 /* ImagesListService.swift */ = {isa = PBXFileReference; lastKnownFileType = sourcecode.swift; path = ImagesListService.swift; sourceTree = "<group>"; };
		FCB6DA502C381F0100E3CA9F /* Constants.swift */ = {isa = PBXFileReference; lastKnownFileType = sourcecode.swift; path = Constants.swift; sourceTree = "<group>"; };
		FCB6DA532C3AB9D600E3CA9F /* AuthViewController.swift */ = {isa = PBXFileReference; lastKnownFileType = sourcecode.swift; path = AuthViewController.swift; sourceTree = "<group>"; };
		FCB6DA552C3ABF3900E3CA9F /* WebViewViewController.swift */ = {isa = PBXFileReference; lastKnownFileType = sourcecode.swift; path = WebViewViewController.swift; sourceTree = "<group>"; };
		FCB6DA572C3D3F2100E3CA9F /* OAuth2Service.swift */ = {isa = PBXFileReference; lastKnownFileType = sourcecode.swift; path = OAuth2Service.swift; sourceTree = "<group>"; };
		FCB6DA592C3D432C00E3CA9F /* URLSession+data.swift */ = {isa = PBXFileReference; lastKnownFileType = sourcecode.swift; path = "URLSession+data.swift"; sourceTree = "<group>"; };
		FCB6DA5B2C3D6A4100E3CA9F /* OAuthTokenResponseBody.swift */ = {isa = PBXFileReference; lastKnownFileType = sourcecode.swift; path = OAuthTokenResponseBody.swift; sourceTree = "<group>"; };
		FCB6DA5D2C3D6CE000E3CA9F /* OAuth2TokenStorage.swift */ = {isa = PBXFileReference; lastKnownFileType = sourcecode.swift; path = OAuth2TokenStorage.swift; sourceTree = "<group>"; };
		FCB6DA602C3D7CC500E3CA9F /* SplashViewController.swift */ = {isa = PBXFileReference; lastKnownFileType = sourcecode.swift; path = SplashViewController.swift; sourceTree = "<group>"; };
		FCB6DA652C46D01600E3CA9F /* UIBlockingProgressHUD.swift */ = {isa = PBXFileReference; lastKnownFileType = sourcecode.swift; path = UIBlockingProgressHUD.swift; sourceTree = "<group>"; };
		FCB6DA682C46D36E00E3CA9F /* ProfileService.swift */ = {isa = PBXFileReference; lastKnownFileType = sourcecode.swift; path = ProfileService.swift; sourceTree = "<group>"; };
		FCB6DA6A2C46F61000E3CA9F /* ProfileImageService.swift */ = {isa = PBXFileReference; lastKnownFileType = sourcecode.swift; path = ProfileImageService.swift; sourceTree = "<group>"; };
		FCB6DA732C48630A00E3CA9F /* TabBarController.swift */ = {isa = PBXFileReference; lastKnownFileType = sourcecode.swift; path = TabBarController.swift; sourceTree = "<group>"; };
		FCBE8DAC2BEA46C80064EE96 /* ImageFeed.app */ = {isa = PBXFileReference; explicitFileType = wrapper.application; includeInIndex = 0; path = ImageFeed.app; sourceTree = BUILT_PRODUCTS_DIR; };
		FCBE8DAF2BEA46C80064EE96 /* AppDelegate.swift */ = {isa = PBXFileReference; lastKnownFileType = sourcecode.swift; path = AppDelegate.swift; sourceTree = "<group>"; };
		FCBE8DB12BEA46C80064EE96 /* SceneDelegate.swift */ = {isa = PBXFileReference; lastKnownFileType = sourcecode.swift; path = SceneDelegate.swift; sourceTree = "<group>"; };
		FCBE8DB32BEA46C80064EE96 /* ImagesListViewController.swift */ = {isa = PBXFileReference; lastKnownFileType = sourcecode.swift; path = ImagesListViewController.swift; sourceTree = "<group>"; };
		FCBE8DB62BEA46C80064EE96 /* Base */ = {isa = PBXFileReference; lastKnownFileType = file.storyboard; name = Base; path = Base.lproj/Main.storyboard; sourceTree = "<group>"; };
		FCBE8DB82BEA46CA0064EE96 /* Assets.xcassets */ = {isa = PBXFileReference; lastKnownFileType = folder.assetcatalog; path = Assets.xcassets; sourceTree = "<group>"; };
		FCBE8DBB2BEA46CA0064EE96 /* Base */ = {isa = PBXFileReference; lastKnownFileType = file.storyboard; name = Base; path = Base.lproj/LaunchScreen.storyboard; sourceTree = "<group>"; };
		FCBE8DBD2BEA46CA0064EE96 /* Info.plist */ = {isa = PBXFileReference; lastKnownFileType = text.plist.xml; path = Info.plist; sourceTree = "<group>"; };
		FCCB7CEC2C4A7BFE00B7B7E8 /* UserResult.swift */ = {isa = PBXFileReference; lastKnownFileType = sourcecode.swift; path = UserResult.swift; sourceTree = "<group>"; };
		FCCB7CEE2C4A7C7F00B7B7E8 /* ProfileResult.swift */ = {isa = PBXFileReference; lastKnownFileType = sourcecode.swift; path = ProfileResult.swift; sourceTree = "<group>"; };
		FCCB7CF22C4BE32800B7B7E8 /* Photo.swift */ = {isa = PBXFileReference; lastKnownFileType = sourcecode.swift; path = Photo.swift; sourceTree = "<group>"; };
		FCCB7CF42C4BE70B00B7B7E8 /* PhotoResult.swift */ = {isa = PBXFileReference; lastKnownFileType = sourcecode.swift; path = PhotoResult.swift; sourceTree = "<group>"; };
		FCCB7CF62C4BE78F00B7B7E8 /* UrlsResult.swift */ = {isa = PBXFileReference; lastKnownFileType = sourcecode.swift; path = UrlsResult.swift; sourceTree = "<group>"; };
		FCDD38E72C13282500AF4A2E /* ProfileViewController.swift */ = {isa = PBXFileReference; lastKnownFileType = sourcecode.swift; path = ProfileViewController.swift; sourceTree = "<group>"; };
		FCF794E82C0399A400F67396 /* ImagesListCell.swift */ = {isa = PBXFileReference; lastKnownFileType = sourcecode.swift; path = ImagesListCell.swift; sourceTree = "<group>"; };
/* End PBXFileReference section */

/* Begin PBXFrameworksBuildPhase section */
		FCBE8DA92BEA46C80064EE96 /* Frameworks */ = {
			isa = PBXFrameworksBuildPhase;
			buildActionMask = 2147483647;
			files = (
				FC8AEE022C4E525F00F21AB4 /* ProgressHUD in Frameworks */,
				FCB6DA6E2C48262500E3CA9F /* Kingfisher in Frameworks */,
				FCB6DA712C484C4A00E3CA9F /* SwiftKeychainWrapper in Frameworks */,
			);
			runOnlyForDeploymentPostprocessing = 0;
		};
/* End PBXFrameworksBuildPhase section */

/* Begin PBXGroup section */
		FC8513442C29AF5D009612F7 /* SingleImageView */ = {
			isa = PBXGroup;
			children = (
				FC8513422C29ACCE009612F7 /* SingleImageViewController.swift */,
			);
			path = SingleImageView;
			sourceTree = "<group>";
		};
		FCB6DA522C3AB9C300E3CA9F /* Auth */ = {
			isa = PBXGroup;
			children = (
				FCB6DA532C3AB9D600E3CA9F /* AuthViewController.swift */,
				FCB6DA552C3ABF3900E3CA9F /* WebViewViewController.swift */,
				FCB6DA572C3D3F2100E3CA9F /* OAuth2Service.swift */,
				FCB6DA592C3D432C00E3CA9F /* URLSession+data.swift */,
				FCB6DA5B2C3D6A4100E3CA9F /* OAuthTokenResponseBody.swift */,
				FCB6DA5D2C3D6CE000E3CA9F /* OAuth2TokenStorage.swift */,
			);
			path = Auth;
			sourceTree = "<group>";
		};
		FCB6DA5F2C3D7CAF00E3CA9F /* SplashViewController */ = {
			isa = PBXGroup;
			children = (
				FCB6DA602C3D7CC500E3CA9F /* SplashViewController.swift */,
			);
			path = SplashViewController;
			sourceTree = "<group>";
		};
		FCB6DA672C46D31D00E3CA9F /* UIBlocking */ = {
			isa = PBXGroup;
			children = (
				FCB6DA652C46D01600E3CA9F /* UIBlockingProgressHUD.swift */,
			);
			path = UIBlocking;
			sourceTree = "<group>";
		};
		FCB6DA722C4862FB00E3CA9F /* TabBar */ = {
			isa = PBXGroup;
			children = (
				FCB6DA732C48630A00E3CA9F /* TabBarController.swift */,
			);
			path = TabBar;
			sourceTree = "<group>";
		};
		FCBE8DA32BEA46C80064EE96 = {
			isa = PBXGroup;
			children = (
				FCBE8DAE2BEA46C80064EE96 /* ImageFeed */,
				FCBE8DAD2BEA46C80064EE96 /* Products */,
			);
			sourceTree = "<group>";
		};
		FCBE8DAD2BEA46C80064EE96 /* Products */ = {
			isa = PBXGroup;
			children = (
				FCBE8DAC2BEA46C80064EE96 /* ImageFeed.app */,
			);
			name = Products;
			sourceTree = "<group>";
		};
		FCBE8DAE2BEA46C80064EE96 /* ImageFeed */ = {
			isa = PBXGroup;
			children = (
				FCBE8DAF2BEA46C80064EE96 /* AppDelegate.swift */,
				FCBE8DB12BEA46C80064EE96 /* SceneDelegate.swift */,
				FCB6DA502C381F0100E3CA9F /* Constants.swift */,
				FCB6DA722C4862FB00E3CA9F /* TabBar */,
				FCB6DA672C46D31D00E3CA9F /* UIBlocking */,
				FCB6DA5F2C3D7CAF00E3CA9F /* SplashViewController */,
				FCB6DA522C3AB9C300E3CA9F /* Auth */,
				FCF794EA2C0399BD00F67396 /* ImagesList */,
				FCDD38E92C13317900AF4A2E /* Profile */,
				FC8513442C29AF5D009612F7 /* SingleImageView */,
				FCBE8DB52BEA46C80064EE96 /* Main.storyboard */,
				FCBE8DB82BEA46CA0064EE96 /* Assets.xcassets */,
				FCBE8DBA2BEA46CA0064EE96 /* LaunchScreen.storyboard */,
				FCBE8DBD2BEA46CA0064EE96 /* Info.plist */,
			);
			path = ImageFeed;
			sourceTree = "<group>";
		};
		FCDD38E92C13317900AF4A2E /* Profile */ = {
			isa = PBXGroup;
			children = (
				FCDD38E72C13282500AF4A2E /* ProfileViewController.swift */,
				FCB6DA682C46D36E00E3CA9F /* ProfileService.swift */,
				FCB6DA6A2C46F61000E3CA9F /* ProfileImageService.swift */,
				FCCB7CEC2C4A7BFE00B7B7E8 /* UserResult.swift */,
				FCCB7CEE2C4A7C7F00B7B7E8 /* ProfileResult.swift */,
			);
			path = Profile;
			sourceTree = "<group>";
		};
		FCF794EA2C0399BD00F67396 /* ImagesList */ = {
			isa = PBXGroup;
			children = (
				FCBE8DB32BEA46C80064EE96 /* ImagesListViewController.swift */,
				FCF794E82C0399A400F67396 /* ImagesListCell.swift */,
				FCCB7CF22C4BE32800B7B7E8 /* Photo.swift */,
				FCCB7CF42C4BE70B00B7B7E8 /* PhotoResult.swift */,
				FCCB7CF62C4BE78F00B7B7E8 /* UrlsResult.swift */,
				FC8AEDEF2C4C13FB00F21AB4 /* ImagesListService.swift */,
			);
			path = ImagesList;
			sourceTree = "<group>";
		};
/* End PBXGroup section */

/* Begin PBXNativeTarget section */
		FCBE8DAB2BEA46C80064EE96 /* ImageFeed */ = {
			isa = PBXNativeTarget;
			buildConfigurationList = FCBE8DC02BEA46CA0064EE96 /* Build configuration list for PBXNativeTarget "ImageFeed" */;
			buildPhases = (
				FCBE8DA82BEA46C80064EE96 /* Sources */,
				FCBE8DA92BEA46C80064EE96 /* Frameworks */,
				FCBE8DAA2BEA46C80064EE96 /* Resources */,
			);
			buildRules = (
			);
			dependencies = (
			);
			name = ImageFeed;
			packageProductDependencies = (
				FCB6DA6D2C48262500E3CA9F /* Kingfisher */,
				FCB6DA702C484C4A00E3CA9F /* SwiftKeychainWrapper */,
				FC8AEE012C4E525F00F21AB4 /* ProgressHUD */,
			);
			productName = ImageFeed;
			productReference = FCBE8DAC2BEA46C80064EE96 /* ImageFeed.app */;
			productType = "com.apple.product-type.application";
		};
/* End PBXNativeTarget section */

/* Begin PBXProject section */
		FCBE8DA42BEA46C80064EE96 /* Project object */ = {
			isa = PBXProject;
			attributes = {
				BuildIndependentTargetsInParallel = 1;
				LastSwiftUpdateCheck = 1520;
				LastUpgradeCheck = 1520;
				TargetAttributes = {
					FCBE8DAB2BEA46C80064EE96 = {
						CreatedOnToolsVersion = 15.2;
					};
				};
			};
			buildConfigurationList = FCBE8DA72BEA46C80064EE96 /* Build configuration list for PBXProject "ImageFeed" */;
			compatibilityVersion = "Xcode 14.0";
			developmentRegion = en;
			hasScannedForEncodings = 0;
			knownRegions = (
				en,
				Base,
			);
			mainGroup = FCBE8DA32BEA46C80064EE96;
			packageReferences = (
				FCB6DA6C2C48262500E3CA9F /* XCRemoteSwiftPackageReference "Kingfisher" */,
				FCB6DA6F2C484C4A00E3CA9F /* XCRemoteSwiftPackageReference "SwiftKeychainWrapper" */,
				FC8AEE002C4E525F00F21AB4 /* XCRemoteSwiftPackageReference "ProgressHUD" */,
			);
			productRefGroup = FCBE8DAD2BEA46C80064EE96 /* Products */;
			projectDirPath = "";
			projectRoot = "";
			targets = (
				FCBE8DAB2BEA46C80064EE96 /* ImageFeed */,
			);
		};
/* End PBXProject section */

/* Begin PBXResourcesBuildPhase section */
		FCBE8DAA2BEA46C80064EE96 /* Resources */ = {
			isa = PBXResourcesBuildPhase;
			buildActionMask = 2147483647;
			files = (
				FCBE8DBC2BEA46CA0064EE96 /* LaunchScreen.storyboard in Resources */,
				FCBE8DB92BEA46CA0064EE96 /* Assets.xcassets in Resources */,
				FCBE8DB72BEA46C80064EE96 /* Main.storyboard in Resources */,
			);
			runOnlyForDeploymentPostprocessing = 0;
		};
/* End PBXResourcesBuildPhase section */

/* Begin PBXSourcesBuildPhase section */
		FCBE8DA82BEA46C80064EE96 /* Sources */ = {
			isa = PBXSourcesBuildPhase;
			buildActionMask = 2147483647;
			files = (
				FC8AEDF02C4C13FB00F21AB4 /* ImagesListService.swift in Sources */,
				FCCB7CF72C4BE78F00B7B7E8 /* UrlsResult.swift in Sources */,
				FCBE8DB42BEA46C80064EE96 /* ImagesListViewController.swift in Sources */,
				FCB6DA692C46D36E00E3CA9F /* ProfileService.swift in Sources */,
				FCF794E92C0399A400F67396 /* ImagesListCell.swift in Sources */,
				FCB6DA742C48630A00E3CA9F /* TabBarController.swift in Sources */,
				FCB6DA5C2C3D6A4200E3CA9F /* OAuthTokenResponseBody.swift in Sources */,
				FCCB7CF52C4BE70B00B7B7E8 /* PhotoResult.swift in Sources */,
				FCDD38E82C13282500AF4A2E /* ProfileViewController.swift in Sources */,
				FCBE8DB02BEA46C80064EE96 /* AppDelegate.swift in Sources */,
				FCB6DA6B2C46F61000E3CA9F /* ProfileImageService.swift in Sources */,
				FCB6DA612C3D7CC500E3CA9F /* SplashViewController.swift in Sources */,
				FCB6DA542C3AB9D600E3CA9F /* AuthViewController.swift in Sources */,
				FCB6DA512C381F0100E3CA9F /* Constants.swift in Sources */,
				FCCB7CED2C4A7BFE00B7B7E8 /* UserResult.swift in Sources */,
				FCB6DA662C46D01600E3CA9F /* UIBlockingProgressHUD.swift in Sources */,
				FC8513432C29ACCE009612F7 /* SingleImageViewController.swift in Sources */,
				FCB6DA5A2C3D432C00E3CA9F /* URLSession+data.swift in Sources */,
				FCB6DA562C3ABF3900E3CA9F /* WebViewViewController.swift in Sources */,
				FCB6DA582C3D3F2100E3CA9F /* OAuth2Service.swift in Sources */,
				FCCB7CF32C4BE32800B7B7E8 /* Photo.swift in Sources */,
				FCB6DA5E2C3D6CE000E3CA9F /* OAuth2TokenStorage.swift in Sources */,
				FCCB7CEF2C4A7C7F00B7B7E8 /* ProfileResult.swift in Sources */,
				FCBE8DB22BEA46C80064EE96 /* SceneDelegate.swift in Sources */,
			);
			runOnlyForDeploymentPostprocessing = 0;
		};
/* End PBXSourcesBuildPhase section */

/* Begin PBXVariantGroup section */
		FCBE8DB52BEA46C80064EE96 /* Main.storyboard */ = {
			isa = PBXVariantGroup;
			children = (
				FCBE8DB62BEA46C80064EE96 /* Base */,
			);
			name = Main.storyboard;
			sourceTree = "<group>";
		};
		FCBE8DBA2BEA46CA0064EE96 /* LaunchScreen.storyboard */ = {
			isa = PBXVariantGroup;
			children = (
				FCBE8DBB2BEA46CA0064EE96 /* Base */,
			);
			name = LaunchScreen.storyboard;
			sourceTree = "<group>";
		};
/* End PBXVariantGroup section */

/* Begin XCBuildConfiguration section */
		FCBE8DBE2BEA46CA0064EE96 /* Debug */ = {
			isa = XCBuildConfiguration;
			buildSettings = {
				ALWAYS_SEARCH_USER_PATHS = NO;
				ASSETCATALOG_COMPILER_GENERATE_SWIFT_ASSET_SYMBOL_EXTENSIONS = YES;
				CLANG_ANALYZER_NONNULL = YES;
				CLANG_ANALYZER_NUMBER_OBJECT_CONVERSION = YES_AGGRESSIVE;
				CLANG_CXX_LANGUAGE_STANDARD = "gnu++20";
				CLANG_ENABLE_MODULES = YES;
				CLANG_ENABLE_OBJC_ARC = YES;
				CLANG_ENABLE_OBJC_WEAK = YES;
				CLANG_WARN_BLOCK_CAPTURE_AUTORELEASING = YES;
				CLANG_WARN_BOOL_CONVERSION = YES;
				CLANG_WARN_COMMA = YES;
				CLANG_WARN_CONSTANT_CONVERSION = YES;
				CLANG_WARN_DEPRECATED_OBJC_IMPLEMENTATIONS = YES;
				CLANG_WARN_DIRECT_OBJC_ISA_USAGE = YES_ERROR;
				CLANG_WARN_DOCUMENTATION_COMMENTS = YES;
				CLANG_WARN_EMPTY_BODY = YES;
				CLANG_WARN_ENUM_CONVERSION = YES;
				CLANG_WARN_INFINITE_RECURSION = YES;
				CLANG_WARN_INT_CONVERSION = YES;
				CLANG_WARN_NON_LITERAL_NULL_CONVERSION = YES;
				CLANG_WARN_OBJC_IMPLICIT_RETAIN_SELF = YES;
				CLANG_WARN_OBJC_LITERAL_CONVERSION = YES;
				CLANG_WARN_OBJC_ROOT_CLASS = YES_ERROR;
				CLANG_WARN_QUOTED_INCLUDE_IN_FRAMEWORK_HEADER = YES;
				CLANG_WARN_RANGE_LOOP_ANALYSIS = YES;
				CLANG_WARN_STRICT_PROTOTYPES = YES;
				CLANG_WARN_SUSPICIOUS_MOVE = YES;
				CLANG_WARN_UNGUARDED_AVAILABILITY = YES_AGGRESSIVE;
				CLANG_WARN_UNREACHABLE_CODE = YES;
				CLANG_WARN__DUPLICATE_METHOD_MATCH = YES;
				COPY_PHASE_STRIP = NO;
				DEBUG_INFORMATION_FORMAT = dwarf;
				ENABLE_STRICT_OBJC_MSGSEND = YES;
				ENABLE_TESTABILITY = YES;
				ENABLE_USER_SCRIPT_SANDBOXING = YES;
				GCC_C_LANGUAGE_STANDARD = gnu17;
				GCC_DYNAMIC_NO_PIC = NO;
				GCC_NO_COMMON_BLOCKS = YES;
				GCC_OPTIMIZATION_LEVEL = 0;
				GCC_PREPROCESSOR_DEFINITIONS = (
					"DEBUG=1",
					"$(inherited)",
				);
				GCC_WARN_64_TO_32_BIT_CONVERSION = YES;
				GCC_WARN_ABOUT_RETURN_TYPE = YES_ERROR;
				GCC_WARN_UNDECLARED_SELECTOR = YES;
				GCC_WARN_UNINITIALIZED_AUTOS = YES_AGGRESSIVE;
				GCC_WARN_UNUSED_FUNCTION = YES;
				GCC_WARN_UNUSED_VARIABLE = YES;
				IPHONEOS_DEPLOYMENT_TARGET = 17.0;
				LOCALIZATION_PREFERS_STRING_CATALOGS = YES;
				MTL_ENABLE_DEBUG_INFO = INCLUDE_SOURCE;
				MTL_FAST_MATH = YES;
				ONLY_ACTIVE_ARCH = YES;
				SDKROOT = iphoneos;
				SWIFT_ACTIVE_COMPILATION_CONDITIONS = "DEBUG $(inherited)";
				SWIFT_OPTIMIZATION_LEVEL = "-Onone";
			};
			name = Debug;
		};
		FCBE8DBF2BEA46CA0064EE96 /* Release */ = {
			isa = XCBuildConfiguration;
			buildSettings = {
				ALWAYS_SEARCH_USER_PATHS = NO;
				ASSETCATALOG_COMPILER_GENERATE_SWIFT_ASSET_SYMBOL_EXTENSIONS = YES;
				CLANG_ANALYZER_NONNULL = YES;
				CLANG_ANALYZER_NUMBER_OBJECT_CONVERSION = YES_AGGRESSIVE;
				CLANG_CXX_LANGUAGE_STANDARD = "gnu++20";
				CLANG_ENABLE_MODULES = YES;
				CLANG_ENABLE_OBJC_ARC = YES;
				CLANG_ENABLE_OBJC_WEAK = YES;
				CLANG_WARN_BLOCK_CAPTURE_AUTORELEASING = YES;
				CLANG_WARN_BOOL_CONVERSION = YES;
				CLANG_WARN_COMMA = YES;
				CLANG_WARN_CONSTANT_CONVERSION = YES;
				CLANG_WARN_DEPRECATED_OBJC_IMPLEMENTATIONS = YES;
				CLANG_WARN_DIRECT_OBJC_ISA_USAGE = YES_ERROR;
				CLANG_WARN_DOCUMENTATION_COMMENTS = YES;
				CLANG_WARN_EMPTY_BODY = YES;
				CLANG_WARN_ENUM_CONVERSION = YES;
				CLANG_WARN_INFINITE_RECURSION = YES;
				CLANG_WARN_INT_CONVERSION = YES;
				CLANG_WARN_NON_LITERAL_NULL_CONVERSION = YES;
				CLANG_WARN_OBJC_IMPLICIT_RETAIN_SELF = YES;
				CLANG_WARN_OBJC_LITERAL_CONVERSION = YES;
				CLANG_WARN_OBJC_ROOT_CLASS = YES_ERROR;
				CLANG_WARN_QUOTED_INCLUDE_IN_FRAMEWORK_HEADER = YES;
				CLANG_WARN_RANGE_LOOP_ANALYSIS = YES;
				CLANG_WARN_STRICT_PROTOTYPES = YES;
				CLANG_WARN_SUSPICIOUS_MOVE = YES;
				CLANG_WARN_UNGUARDED_AVAILABILITY = YES_AGGRESSIVE;
				CLANG_WARN_UNREACHABLE_CODE = YES;
				CLANG_WARN__DUPLICATE_METHOD_MATCH = YES;
				COPY_PHASE_STRIP = NO;
				DEBUG_INFORMATION_FORMAT = "dwarf-with-dsym";
				ENABLE_NS_ASSERTIONS = NO;
				ENABLE_STRICT_OBJC_MSGSEND = YES;
				ENABLE_USER_SCRIPT_SANDBOXING = YES;
				GCC_C_LANGUAGE_STANDARD = gnu17;
				GCC_NO_COMMON_BLOCKS = YES;
				GCC_WARN_64_TO_32_BIT_CONVERSION = YES;
				GCC_WARN_ABOUT_RETURN_TYPE = YES_ERROR;
				GCC_WARN_UNDECLARED_SELECTOR = YES;
				GCC_WARN_UNINITIALIZED_AUTOS = YES_AGGRESSIVE;
				GCC_WARN_UNUSED_FUNCTION = YES;
				GCC_WARN_UNUSED_VARIABLE = YES;
				IPHONEOS_DEPLOYMENT_TARGET = 17.0;
				LOCALIZATION_PREFERS_STRING_CATALOGS = YES;
				MTL_ENABLE_DEBUG_INFO = NO;
				MTL_FAST_MATH = YES;
				SDKROOT = iphoneos;
				SWIFT_COMPILATION_MODE = wholemodule;
				VALIDATE_PRODUCT = YES;
			};
			name = Release;
		};
		FCBE8DC12BEA46CA0064EE96 /* Debug */ = {
			isa = XCBuildConfiguration;
			buildSettings = {
				ASSETCATALOG_COMPILER_APPICON_NAME = AppIcon;
				ASSETCATALOG_COMPILER_GLOBAL_ACCENT_COLOR_NAME = AccentColor;
				CODE_SIGN_STYLE = Automatic;
				CURRENT_PROJECT_VERSION = 1;
				DEVELOPMENT_TEAM = HWH86DXB6N;
				GENERATE_INFOPLIST_FILE = YES;
				INFOPLIST_FILE = ImageFeed/Info.plist;
				INFOPLIST_KEY_UIApplicationSupportsIndirectInputEvents = YES;
				INFOPLIST_KEY_UILaunchStoryboardName = LaunchScreen;
				INFOPLIST_KEY_UIMainStoryboardFile = Main;
				INFOPLIST_KEY_UISupportedInterfaceOrientations = UIInterfaceOrientationPortrait;
				IPHONEOS_DEPLOYMENT_TARGET = 13.0;
				LD_RUNPATH_SEARCH_PATHS = (
					"$(inherited)",
					"@executable_path/Frameworks",
				);
				MARKETING_VERSION = 1.0;
				PRODUCT_BUNDLE_IDENTIFIER = com.bakgeldia.ImageFeed;
				PRODUCT_NAME = "$(TARGET_NAME)";
				SUPPORTED_PLATFORMS = "iphoneos iphonesimulator";
				SUPPORTS_MACCATALYST = NO;
				SWIFT_EMIT_LOC_STRINGS = YES;
				SWIFT_VERSION = 5.0;
				TARGETED_DEVICE_FAMILY = 1;
			};
			name = Debug;
		};
		FCBE8DC22BEA46CA0064EE96 /* Release */ = {
			isa = XCBuildConfiguration;
			buildSettings = {
				ASSETCATALOG_COMPILER_APPICON_NAME = AppIcon;
				ASSETCATALOG_COMPILER_GLOBAL_ACCENT_COLOR_NAME = AccentColor;
				CODE_SIGN_STYLE = Automatic;
				CURRENT_PROJECT_VERSION = 1;
				DEVELOPMENT_TEAM = HWH86DXB6N;
				GENERATE_INFOPLIST_FILE = YES;
				INFOPLIST_FILE = ImageFeed/Info.plist;
				INFOPLIST_KEY_UIApplicationSupportsIndirectInputEvents = YES;
				INFOPLIST_KEY_UILaunchStoryboardName = LaunchScreen;
				INFOPLIST_KEY_UIMainStoryboardFile = Main;
				INFOPLIST_KEY_UISupportedInterfaceOrientations = UIInterfaceOrientationPortrait;
				IPHONEOS_DEPLOYMENT_TARGET = 13.0;
				LD_RUNPATH_SEARCH_PATHS = (
					"$(inherited)",
					"@executable_path/Frameworks",
				);
				MARKETING_VERSION = 1.0;
				PRODUCT_BUNDLE_IDENTIFIER = com.bakgeldia.ImageFeed;
				PRODUCT_NAME = "$(TARGET_NAME)";
				SUPPORTED_PLATFORMS = "iphoneos iphonesimulator";
				SUPPORTS_MACCATALYST = NO;
				SWIFT_EMIT_LOC_STRINGS = YES;
				SWIFT_VERSION = 5.0;
				TARGETED_DEVICE_FAMILY = 1;
			};
			name = Release;
		};
/* End XCBuildConfiguration section */

/* Begin XCConfigurationList section */
		FCBE8DA72BEA46C80064EE96 /* Build configuration list for PBXProject "ImageFeed" */ = {
			isa = XCConfigurationList;
			buildConfigurations = (
				FCBE8DBE2BEA46CA0064EE96 /* Debug */,
				FCBE8DBF2BEA46CA0064EE96 /* Release */,
			);
			defaultConfigurationIsVisible = 0;
			defaultConfigurationName = Release;
		};
		FCBE8DC02BEA46CA0064EE96 /* Build configuration list for PBXNativeTarget "ImageFeed" */ = {
			isa = XCConfigurationList;
			buildConfigurations = (
				FCBE8DC12BEA46CA0064EE96 /* Debug */,
				FCBE8DC22BEA46CA0064EE96 /* Release */,
			);
			defaultConfigurationIsVisible = 0;
			defaultConfigurationName = Release;
		};
/* End XCConfigurationList section */

/* Begin XCRemoteSwiftPackageReference section */
		FC8AEE002C4E525F00F21AB4 /* XCRemoteSwiftPackageReference "ProgressHUD" */ = {
			isa = XCRemoteSwiftPackageReference;
			repositoryURL = "https://github.com/relatedcode/ProgressHUD";
			requirement = {
				kind = upToNextMajorVersion;
				minimumVersion = 14.1.3;
			};
		};
		FCB6DA6C2C48262500E3CA9F /* XCRemoteSwiftPackageReference "Kingfisher" */ = {
			isa = XCRemoteSwiftPackageReference;
			repositoryURL = "https://github.com/onevcat/Kingfisher";
			requirement = {
				kind = upToNextMajorVersion;
				minimumVersion = 7.12.0;
			};
		};
		FCB6DA6F2C484C4A00E3CA9F /* XCRemoteSwiftPackageReference "SwiftKeychainWrapper" */ = {
			isa = XCRemoteSwiftPackageReference;
			repositoryURL = "https://github.com/jrendel/SwiftKeychainWrapper";
			requirement = {
				kind = upToNextMajorVersion;
				minimumVersion = 4.0.1;
			};
		};
/* End XCRemoteSwiftPackageReference section */

/* Begin XCSwiftPackageProductDependency section */
		FC8AEE012C4E525F00F21AB4 /* ProgressHUD */ = {
			isa = XCSwiftPackageProductDependency;
			package = FC8AEE002C4E525F00F21AB4 /* XCRemoteSwiftPackageReference "ProgressHUD" */;
			productName = ProgressHUD;
		};
		FCB6DA6D2C48262500E3CA9F /* Kingfisher */ = {
			isa = XCSwiftPackageProductDependency;
			package = FCB6DA6C2C48262500E3CA9F /* XCRemoteSwiftPackageReference "Kingfisher" */;
			productName = Kingfisher;
		};
		FCB6DA702C484C4A00E3CA9F /* SwiftKeychainWrapper */ = {
			isa = XCSwiftPackageProductDependency;
			package = FCB6DA6F2C484C4A00E3CA9F /* XCRemoteSwiftPackageReference "SwiftKeychainWrapper" */;
			productName = SwiftKeychainWrapper;
		};
/* End XCSwiftPackageProductDependency section */
	};
	rootObject = FCBE8DA42BEA46C80064EE96 /* Project object */;
}
